
Microsoft Visual Studio Solution File, Format Version 12.00
# Visual Studio Version 16
VisualStudioVersion = 16.0.31112.23
MinimumVisualStudioVersion = 10.0.40219.1
Project("{FAE04EC0-301F-11D3-BF4B-00C04F79EFBC}") = "MohsenCalculator", "MohsenCalculator\MohsenCalculator.csproj", "{0EA9EC73-6F22-4548-97AD-6878F039F4D1}"
EndProject
Global
	GlobalSection(SolutionConfigurationPlatforms) = preSolution
		Debug|Any CPU = Debug|Any CPU
		Release|Any CPU = Release|Any CPU
	EndGlobalSection
	GlobalSection(ProjectConfigurationPlatforms) = postSolution
		{0EA9EC73-6F22-4548-97AD-6878F039F4D1}.Debug|Any CPU.ActiveCfg = Debug|Any CPU
		{0EA9EC73-6F22-4548-97AD-6878F039F4D1}.Debug|Any CPU.Build.0 = Debug|Any CPU
		{0EA9EC73-6F22-4548-97AD-6878F039F4D1}.Release|Any CPU.ActiveCfg = Release|Any CPU
		{0EA9EC73-6F22-4548-97AD-6878F039F4D1}.Release|Any CPU.Build.0 = Release|Any CPU
	EndGlobalSection
	GlobalSection(SolutionProperties) = preSolution
		HideSolutionNode = FALSE
	EndGlobalSection
	GlobalSection(ExtensibilityGlobals) = postSolution
		SolutionGuid = {0A0B452F-FC7B-47F7-B6F1-DAE6EA7600D4}
	EndGlobalSection
EndGlobal
